
Microsoft Visual Studio Solution File, Format Version 12.00
# Visual Studio Version 17
VisualStudioVersion = 17.7.34031.279
MinimumVisualStudioVersion = 10.0.40219.1
Project("{FAE04EC0-301F-11D3-BF4B-00C04F79EFBC}") = "AzMB101_Melek_Azizova", "AzMB101_Melek_Azizova\AzMB101_Melek_Azizova.csproj", "{1DC4641B-2EAE-4A12-8EC2-64EDFAFD4ACE}"
EndProject
Global
	GlobalSection(SolutionConfigurationPlatforms) = preSolution
		Debug|Any CPU = Debug|Any CPU
		Release|Any CPU = Release|Any CPU
	EndGlobalSection
	GlobalSection(ProjectConfigurationPlatforms) = postSolution
		{1DC4641B-2EAE-4A12-8EC2-64EDFAFD4ACE}.Debug|Any CPU.ActiveCfg = Debug|Any CPU
		{1DC4641B-2EAE-4A12-8EC2-64EDFAFD4ACE}.Debug|Any CPU.Build.0 = Debug|Any CPU
		{1DC4641B-2EAE-4A12-8EC2-64EDFAFD4ACE}.Release|Any CPU.ActiveCfg = Release|Any CPU
		{1DC4641B-2EAE-4A12-8EC2-64EDFAFD4ACE}.Release|Any CPU.Build.0 = Release|Any CPU
	EndGlobalSection
	GlobalSection(SolutionProperties) = preSolution
		HideSolutionNode = FALSE
	EndGlobalSection
	GlobalSection(ExtensibilityGlobals) = postSolution
		SolutionGuid = {67585D77-C6E7-4494-A234-E78CFB46A999}
	EndGlobalSection
EndGlobal
